
Microsoft Visual Studio Solution File, Format Version 12.00
Project("{FAE04EC0-301F-11D3-BF4B-00C04F79EFBC}") = "CompanyEmployees", "CompanyEmployees\CompanyEmployees.csproj", "{30291D08-7AE5-4539-A065-712787969088}"
EndProject
Global
	GlobalSection(SolutionConfigurationPlatforms) = preSolution
		Debug|Any CPU = Debug|Any CPU
		Release|Any CPU = Release|Any CPU
	EndGlobalSection
	GlobalSection(ProjectConfigurationPlatforms) = postSolution
		{30291D08-7AE5-4539-A065-712787969088}.Debug|Any CPU.ActiveCfg = Debug|Any CPU
		{30291D08-7AE5-4539-A065-712787969088}.Debug|Any CPU.Build.0 = Debug|Any CPU
		{30291D08-7AE5-4539-A065-712787969088}.Release|Any CPU.ActiveCfg = Release|Any CPU
		{30291D08-7AE5-4539-A065-712787969088}.Release|Any CPU.Build.0 = Release|Any CPU
	EndGlobalSection
EndGlobal
